
Microsoft Visual Studio Solution File, Format Version 12.00
# Visual Studio Version 17
VisualStudioVersion = 17.0.31903.59
MinimumVisualStudioVersion = 10.0.40219.1
Project("{2150E333-8FDC-42A3-9474-1A3956D46DE8}") = "src", "src", "{827E0CD3-B72D-47B6-A68D-7590B98EB39B}"
EndProject
Project("{FAE04EC0-301F-11D3-BF4B-00C04F79EFBC}") = "PulpMXFantasy.Domain", "src\PulpMXFantasy.Domain\PulpMXFantasy.Domain.csproj", "{F8BAE7A5-101E-4672-B96D-16A979AAF4E0}"
EndProject
Project("{FAE04EC0-301F-11D3-BF4B-00C04F79EFBC}") = "PulpMXFantasy.Application", "src\PulpMXFantasy.Application\PulpMXFantasy.Application.csproj", "{FDC75A1D-3B35-4528-96FB-A41CE8FACA7E}"
EndProject
Project("{FAE04EC0-301F-11D3-BF4B-00C04F79EFBC}") = "PulpMXFantasy.Infrastructure", "src\PulpMXFantasy.Infrastructure\PulpMXFantasy.Infrastructure.csproj", "{1E35C5B8-D6A5-400B-B300-A8DBBFC688BB}"
EndProject
Project("{FAE04EC0-301F-11D3-BF4B-00C04F79EFBC}") = "PulpMXFantasy.Web", "src\PulpMXFantasy.Web\PulpMXFantasy.Web.csproj", "{70A4F0A2-A561-4CDB-A2BB-784A4C1F9F34}"
EndProject
Project("{FAE04EC0-301F-11D3-BF4B-00C04F79EFBC}") = "PulpMXFantasy.Contracts", "src\PulpMXFantasy.Contracts\PulpMXFantasy.Contracts.csproj", "{9813C078-D970-4420-8E3B-31706470B4C8}"
EndProject
Project("{FAE04EC0-301F-11D3-BF4B-00C04F79EFBC}") = "PulpMXFantasy.Worker", "src\PulpMXFantasy.Worker\PulpMXFantasy.Worker.csproj", "{0849C39E-210B-4554-9698-0FF0001B39F8}"
EndProject
Project("{2150E333-8FDC-42A3-9474-1A3956D46DE8}") = "tests", "tests", "{0AB3BF05-4346-4AA6-1389-037BE0695223}"
EndProject
Project("{FAE04EC0-301F-11D3-BF4B-00C04F79EFBC}") = "PulpMXFantasy.Application.Tests", "tests\PulpMXFantasy.Application.Tests\PulpMXFantasy.Application.Tests.csproj", "{D801CEE7-3300-4F94-9C95-D341A870659F}"
EndProject
Project("{FAE04EC0-301F-11D3-BF4B-00C04F79EFBC}") = "PulpMXFantasy.ReadModel", "src\PulpMXFantasy.ReadModel\PulpMXFantasy.ReadModel.csproj", "{0A784DDB-D997-4BA4-8266-1FC599A394AB}"
EndProject
Project("{FAE04EC0-301F-11D3-BF4B-00C04F79EFBC}") = "PulpMXFantasy.Messaging", "src\PulpMXFantasy.Messaging\PulpMXFantasy.Messaging.csproj", "{DE886920-6626-45EA-A059-49A3152474A1}"
EndProject
Global
	GlobalSection(SolutionConfigurationPlatforms) = preSolution
		Debug|Any CPU = Debug|Any CPU
		Debug|x64 = Debug|x64
		Debug|x86 = Debug|x86
		Release|Any CPU = Release|Any CPU
		Release|x64 = Release|x64
		Release|x86 = Release|x86
	EndGlobalSection
	GlobalSection(ProjectConfigurationPlatforms) = postSolution
		{F8BAE7A5-101E-4672-B96D-16A979AAF4E0}.Debug|Any CPU.ActiveCfg = Debug|Any CPU
		{F8BAE7A5-101E-4672-B96D-16A979AAF4E0}.Debug|Any CPU.Build.0 = Debug|Any CPU
		{F8BAE7A5-101E-4672-B96D-16A979AAF4E0}.Debug|x64.ActiveCfg = Debug|Any CPU
		{F8BAE7A5-101E-4672-B96D-16A979AAF4E0}.Debug|x64.Build.0 = Debug|Any CPU
		{F8BAE7A5-101E-4672-B96D-16A979AAF4E0}.Debug|x86.ActiveCfg = Debug|Any CPU
		{F8BAE7A5-101E-4672-B96D-16A979AAF4E0}.Debug|x86.Build.0 = Debug|Any CPU
		{F8BAE7A5-101E-4672-B96D-16A979AAF4E0}.Release|Any CPU.ActiveCfg = Release|Any CPU
		{F8BAE7A5-101E-4672-B96D-16A979AAF4E0}.Release|Any CPU.Build.0 = Release|Any CPU
		{F8BAE7A5-101E-4672-B96D-16A979AAF4E0}.Release|x64.ActiveCfg = Release|Any CPU
		{F8BAE7A5-101E-4672-B96D-16A979AAF4E0}.Release|x64.Build.0 = Release|Any CPU
		{F8BAE7A5-101E-4672-B96D-16A979AAF4E0}.Release|x86.ActiveCfg = Release|Any CPU
		{F8BAE7A5-101E-4672-B96D-16A979AAF4E0}.Release|x86.Build.0 = Release|Any CPU
		{FDC75A1D-3B35-4528-96FB-A41CE8FACA7E}.Debug|Any CPU.ActiveCfg = Debug|Any CPU
		{FDC75A1D-3B35-4528-96FB-A41CE8FACA7E}.Debug|Any CPU.Build.0 = Debug|Any CPU
		{FDC75A1D-3B35-4528-96FB-A41CE8FACA7E}.Debug|x64.ActiveCfg = Debug|Any CPU
		{FDC75A1D-3B35-4528-96FB-A41CE8FACA7E}.Debug|x64.Build.0 = Debug|Any CPU
		{FDC75A1D-3B35-4528-96FB-A41CE8FACA7E}.Debug|x86.ActiveCfg = Debug|Any CPU
		{FDC75A1D-3B35-4528-96FB-A41CE8FACA7E}.Debug|x86.Build.0 = Debug|Any CPU
		{FDC75A1D-3B35-4528-96FB-A41CE8FACA7E}.Release|Any CPU.ActiveCfg = Release|Any CPU
		{FDC75A1D-3B35-4528-96FB-A41CE8FACA7E}.Release|Any CPU.Build.0 = Release|Any CPU
		{FDC75A1D-3B35-4528-96FB-A41CE8FACA7E}.Release|x64.ActiveCfg = Release|Any CPU
		{FDC75A1D-3B35-4528-96FB-A41CE8FACA7E}.Release|x64.Build.0 = Release|Any CPU
		{FDC75A1D-3B35-4528-96FB-A41CE8FACA7E}.Release|x86.ActiveCfg = Release|Any CPU
		{FDC75A1D-3B35-4528-96FB-A41CE8FACA7E}.Release|x86.Build.0 = Release|Any CPU
		{1E35C5B8-D6A5-400B-B300-A8DBBFC688BB}.Debug|Any CPU.ActiveCfg = Debug|Any CPU
		{1E35C5B8-D6A5-400B-B300-A8DBBFC688BB}.Debug|Any CPU.Build.0 = Debug|Any CPU
		{1E35C5B8-D6A5-400B-B300-A8DBBFC688BB}.Debug|x64.ActiveCfg = Debug|Any CPU
		{1E35C5B8-D6A5-400B-B300-A8DBBFC688BB}.Debug|x64.Build.0 = Debug|Any CPU
		{1E35C5B8-D6A5-400B-B300-A8DBBFC688BB}.Debug|x86.ActiveCfg = Debug|Any CPU
		{1E35C5B8-D6A5-400B-B300-A8DBBFC688BB}.Debug|x86.Build.0 = Debug|Any CPU
		{1E35C5B8-D6A5-400B-B300-A8DBBFC688BB}.Release|Any CPU.ActiveCfg = Release|Any CPU
		{1E35C5B8-D6A5-400B-B300-A8DBBFC688BB}.Release|Any CPU.Build.0 = Release|Any CPU
		{1E35C5B8-D6A5-400B-B300-A8DBBFC688BB}.Release|x64.ActiveCfg = Release|Any CPU
		{1E35C5B8-D6A5-400B-B300-A8DBBFC688BB}.Release|x64.Build.0 = Release|Any CPU
		{1E35C5B8-D6A5-400B-B300-A8DBBFC688BB}.Release|x86.ActiveCfg = Release|Any CPU
		{1E35C5B8-D6A5-400B-B300-A8DBBFC688BB}.Release|x86.Build.0 = Release|Any CPU
		{70A4F0A2-A561-4CDB-A2BB-784A4C1F9F34}.Debug|Any CPU.ActiveCfg = Debug|Any CPU
		{70A4F0A2-A561-4CDB-A2BB-784A4C1F9F34}.Debug|Any CPU.Build.0 = Debug|Any CPU
		{70A4F0A2-A561-4CDB-A2BB-784A4C1F9F34}.Debug|x64.ActiveCfg = Debug|Any CPU
		{70A4F0A2-A561-4CDB-A2BB-784A4C1F9F34}.Debug|x64.Build.0 = Debug|Any CPU
		{70A4F0A2-A561-4CDB-A2BB-784A4C1F9F34}.Debug|x86.ActiveCfg = Debug|Any CPU
		{70A4F0A2-A561-4CDB-A2BB-784A4C1F9F34}.Debug|x86.Build.0 = Debug|Any CPU
		{70A4F0A2-A561-4CDB-A2BB-784A4C1F9F34}.Release|Any CPU.ActiveCfg = Release|Any CPU
		{70A4F0A2-A561-4CDB-A2BB-784A4C1F9F34}.Release|Any CPU.Build.0 = Release|Any CPU
		{70A4F0A2-A561-4CDB-A2BB-784A4C1F9F34}.Release|x64.ActiveCfg = Release|Any CPU
		{70A4F0A2-A561-4CDB-A2BB-784A4C1F9F34}.Release|x64.Build.0 = Release|Any CPU
		{70A4F0A2-A561-4CDB-A2BB-784A4C1F9F34}.Release|x86.ActiveCfg = Release|Any CPU
		{70A4F0A2-A561-4CDB-A2BB-784A4C1F9F34}.Release|x86.Build.0 = Release|Any CPU
		{9813C078-D970-4420-8E3B-31706470B4C8}.Debug|Any CPU.ActiveCfg = Debug|Any CPU
		{9813C078-D970-4420-8E3B-31706470B4C8}.Debug|Any CPU.Build.0 = Debug|Any CPU
		{9813C078-D970-4420-8E3B-31706470B4C8}.Debug|x64.ActiveCfg = Debug|Any CPU
		{9813C078-D970-4420-8E3B-31706470B4C8}.Debug|x64.Build.0 = Debug|Any CPU
		{9813C078-D970-4420-8E3B-31706470B4C8}.Debug|x86.ActiveCfg = Debug|Any CPU
		{9813C078-D970-4420-8E3B-31706470B4C8}.Debug|x86.Build.0 = Debug|Any CPU
		{9813C078-D970-4420-8E3B-31706470B4C8}.Release|Any CPU.ActiveCfg = Release|Any CPU
		{9813C078-D970-4420-8E3B-31706470B4C8}.Release|Any CPU.Build.0 = Release|Any CPU
		{9813C078-D970-4420-8E3B-31706470B4C8}.Release|x64.ActiveCfg = Release|Any CPU
		{9813C078-D970-4420-8E3B-31706470B4C8}.Release|x64.Build.0 = Release|Any CPU
		{9813C078-D970-4420-8E3B-31706470B4C8}.Release|x86.ActiveCfg = Release|Any CPU
		{9813C078-D970-4420-8E3B-31706470B4C8}.Release|x86.Build.0 = Release|Any CPU
		{0849C39E-210B-4554-9698-0FF0001B39F8}.Debug|Any CPU.ActiveCfg = Debug|Any CPU
		{0849C39E-210B-4554-9698-0FF0001B39F8}.Debug|Any CPU.Build.0 = Debug|Any CPU
		{0849C39E-210B-4554-9698-0FF0001B39F8}.Debug|x64.ActiveCfg = Debug|Any CPU
		{0849C39E-210B-4554-9698-0FF0001B39F8}.Debug|x64.Build.0 = Debug|Any CPU
		{0849C39E-210B-4554-9698-0FF0001B39F8}.Debug|x86.ActiveCfg = Debug|Any CPU
		{0849C39E-210B-4554-9698-0FF0001B39F8}.Debug|x86.Build.0 = Debug|Any CPU
		{0849C39E-210B-4554-9698-0FF0001B39F8}.Release|Any CPU.ActiveCfg = Release|Any CPU
		{0849C39E-210B-4554-9698-0FF0001B39F8}.Release|Any CPU.Build.0 = Release|Any CPU
		{0849C39E-210B-4554-9698-0FF0001B39F8}.Release|x64.ActiveCfg = Release|Any CPU
		{0849C39E-210B-4554-9698-0FF0001B39F8}.Release|x64.Build.0 = Release|Any CPU
		{0849C39E-210B-4554-9698-0FF0001B39F8}.Release|x86.ActiveCfg = Release|Any CPU
		{0849C39E-210B-4554-9698-0FF0001B39F8}.Release|x86.Build.0 = Release|Any CPU
		{D801CEE7-3300-4F94-9C95-D341A870659F}.Debug|Any CPU.ActiveCfg = Debug|Any CPU
		{D801CEE7-3300-4F94-9C95-D341A870659F}.Debug|Any CPU.Build.0 = Debug|Any CPU
		{D801CEE7-3300-4F94-9C95-D341A870659F}.Debug|x64.ActiveCfg = Debug|Any CPU
		{D801CEE7-3300-4F94-9C95-D341A870659F}.Debug|x64.Build.0 = Debug|Any CPU
		{D801CEE7-3300-4F94-9C95-D341A870659F}.Debug|x86.ActiveCfg = Debug|Any CPU
		{D801CEE7-3300-4F94-9C95-D341A870659F}.Debug|x86.Build.0 = Debug|Any CPU
		{D801CEE7-3300-4F94-9C95-D341A870659F}.Release|Any CPU.ActiveCfg = Release|Any CPU
		{D801CEE7-3300-4F94-9C95-D341A870659F}.Release|Any CPU.Build.0 = Release|Any CPU
		{D801CEE7-3300-4F94-9C95-D341A870659F}.Release|x64.ActiveCfg = Release|Any CPU
		{D801CEE7-3300-4F94-9C95-D341A870659F}.Release|x64.Build.0 = Release|Any CPU
		{D801CEE7-3300-4F94-9C95-D341A870659F}.Release|x86.ActiveCfg = Release|Any CPU
		{D801CEE7-3300-4F94-9C95-D341A870659F}.Release|x86.Build.0 = Release|Any CPU
		{0A784DDB-D997-4BA4-8266-1FC599A394AB}.Debug|Any CPU.ActiveCfg = Debug|Any CPU
		{0A784DDB-D997-4BA4-8266-1FC599A394AB}.Debug|Any CPU.Build.0 = Debug|Any CPU
		{0A784DDB-D997-4BA4-8266-1FC599A394AB}.Debug|x64.ActiveCfg = Debug|Any CPU
		{0A784DDB-D997-4BA4-8266-1FC599A394AB}.Debug|x64.Build.0 = Debug|Any CPU
		{0A784DDB-D997-4BA4-8266-1FC599A394AB}.Debug|x86.ActiveCfg = Debug|Any CPU
		{0A784DDB-D997-4BA4-8266-1FC599A394AB}.Debug|x86.Build.0 = Debug|Any CPU
		{0A784DDB-D997-4BA4-8266-1FC599A394AB}.Release|Any CPU.ActiveCfg = Release|Any CPU
		{0A784DDB-D997-4BA4-8266-1FC599A394AB}.Release|Any CPU.Build.0 = Release|Any CPU
		{0A784DDB-D997-4BA4-8266-1FC599A394AB}.Release|x64.ActiveCfg = Release|Any CPU
		{0A784DDB-D997-4BA4-8266-1FC599A394AB}.Release|x64.Build.0 = Release|Any CPU
		{0A784DDB-D997-4BA4-8266-1FC599A394AB}.Release|x86.ActiveCfg = Release|Any CPU
		{0A784DDB-D997-4BA4-8266-1FC599A394AB}.Release|x86.Build.0 = Release|Any CPU
		{DE886920-6626-45EA-A059-49A3152474A1}.Debug|Any CPU.ActiveCfg = Debug|Any CPU
		{DE886920-6626-45EA-A059-49A3152474A1}.Debug|Any CPU.Build.0 = Debug|Any CPU
		{DE886920-6626-45EA-A059-49A3152474A1}.Debug|x64.ActiveCfg = Debug|Any CPU
		{DE886920-6626-45EA-A059-49A3152474A1}.Debug|x64.Build.0 = Debug|Any CPU
		{DE886920-6626-45EA-A059-49A3152474A1}.Debug|x86.ActiveCfg = Debug|Any CPU
		{DE886920-6626-45EA-A059-49A3152474A1}.Debug|x86.Build.0 = Debug|Any CPU
		{DE886920-6626-45EA-A059-49A3152474A1}.Release|Any CPU.ActiveCfg = Release|Any CPU
		{DE886920-6626-45EA-A059-49A3152474A1}.Release|Any CPU.Build.0 = Release|Any CPU
		{DE886920-6626-45EA-A059-49A3152474A1}.Release|x64.ActiveCfg = Release|Any CPU
		{DE886920-6626-45EA-A059-49A3152474A1}.Release|x64.Build.0 = Release|Any CPU
		{DE886920-6626-45EA-A059-49A3152474A1}.Release|x86.ActiveCfg = Release|Any CPU
		{DE886920-6626-45EA-A059-49A3152474A1}.Release|x86.Build.0 = Release|Any CPU
	EndGlobalSection
	GlobalSection(SolutionProperties) = preSolution
		HideSolutionNode = FALSE
	EndGlobalSection
	GlobalSection(NestedProjects) = preSolution
		{F8BAE7A5-101E-4672-B96D-16A979AAF4E0} = {827E0CD3-B72D-47B6-A68D-7590B98EB39B}
		{FDC75A1D-3B35-4528-96FB-A41CE8FACA7E} = {827E0CD3-B72D-47B6-A68D-7590B98EB39B}
		{1E35C5B8-D6A5-400B-B300-A8DBBFC688BB} = {827E0CD3-B72D-47B6-A68D-7590B98EB39B}
		{70A4F0A2-A561-4CDB-A2BB-784A4C1F9F34} = {827E0CD3-B72D-47B6-A68D-7590B98EB39B}
		{9813C078-D970-4420-8E3B-31706470B4C8} = {827E0CD3-B72D-47B6-A68D-7590B98EB39B}
		{0849C39E-210B-4554-9698-0FF0001B39F8} = {827E0CD3-B72D-47B6-A68D-7590B98EB39B}
		{D801CEE7-3300-4F94-9C95-D341A870659F} = {0AB3BF05-4346-4AA6-1389-037BE0695223}
		{0A784DDB-D997-4BA4-8266-1FC599A394AB} = {827E0CD3-B72D-47B6-A68D-7590B98EB39B}
		{DE886920-6626-45EA-A059-49A3152474A1} = {827E0CD3-B72D-47B6-A68D-7590B98EB39B}
	EndGlobalSection
EndGlobal
